
Microsoft Visual Studio Solution File, Format Version 12.00
# Visual Studio Version 17
VisualStudioVersion = 17.5.002.0
MinimumVisualStudioVersion = 10.0.40219.1
Project("{9A19103F-16F7-4668-BE54-9A1E7A4F7556}") = "awpatcher", "awpatcher.csproj", "{FBC07C1E-9F55-4180-BA20-86BA729D9EF9}"
EndProject
Global
	GlobalSection(SolutionConfigurationPlatforms) = preSolution
		Debug|Any CPU = Debug|Any CPU
		Release|Any CPU = Release|Any CPU
	EndGlobalSection
	GlobalSection(ProjectConfigurationPlatforms) = postSolution
		{FBC07C1E-9F55-4180-BA20-86BA729D9EF9}.Debug|Any CPU.ActiveCfg = Debug|Any CPU
		{FBC07C1E-9F55-4180-BA20-86BA729D9EF9}.Debug|Any CPU.Build.0 = Debug|Any CPU
		{FBC07C1E-9F55-4180-BA20-86BA729D9EF9}.Release|Any CPU.ActiveCfg = Release|Any CPU
		{FBC07C1E-9F55-4180-BA20-86BA729D9EF9}.Release|Any CPU.Build.0 = Release|Any CPU
	EndGlobalSection
	GlobalSection(SolutionProperties) = preSolution
		HideSolutionNode = FALSE
	EndGlobalSection
	GlobalSection(ExtensibilityGlobals) = postSolution
		SolutionGuid = {17E3B1F3-36BA-406E-989E-1BB9C1BCED35}
	EndGlobalSection
EndGlobal
